
Microsoft Visual Studio Solution File, Format Version 12.00
# Visual Studio Version 17
VisualStudioVersion = 17.1.32120.378
MinimumVisualStudioVersion = 10.0.40219.1
Project("{9A19103F-16F7-4668-BE54-9A1E7A4F7556}") = "PortalTechApiClient", "PortalTechApiClient\PortalTechApiClient.csproj", "{6E5B685D-C8F7-4E72-BF9B-82B9BF97FEF2}"
EndProject
Project("{9A19103F-16F7-4668-BE54-9A1E7A4F7556}") = "ManyHelpers", "..\ManyHelpers\ManyHelpers\ManyHelpers.csproj", "{8B0DE7D6-74A0-48E8-B9FE-8A4C5F5178D2}"
EndProject
Global
	GlobalSection(SolutionConfigurationPlatforms) = preSolution
		Debug|Any CPU = Debug|Any CPU
		Release|Any CPU = Release|Any CPU
	EndGlobalSection
	GlobalSection(ProjectConfigurationPlatforms) = postSolution
		{6E5B685D-C8F7-4E72-BF9B-82B9BF97FEF2}.Debug|Any CPU.ActiveCfg = Debug|Any CPU
		{6E5B685D-C8F7-4E72-BF9B-82B9BF97FEF2}.Debug|Any CPU.Build.0 = Debug|Any CPU
		{6E5B685D-C8F7-4E72-BF9B-82B9BF97FEF2}.Release|Any CPU.ActiveCfg = Release|Any CPU
		{6E5B685D-C8F7-4E72-BF9B-82B9BF97FEF2}.Release|Any CPU.Build.0 = Release|Any CPU
		{8B0DE7D6-74A0-48E8-B9FE-8A4C5F5178D2}.Debug|Any CPU.ActiveCfg = Debug|Any CPU
		{8B0DE7D6-74A0-48E8-B9FE-8A4C5F5178D2}.Debug|Any CPU.Build.0 = Debug|Any CPU
		{8B0DE7D6-74A0-48E8-B9FE-8A4C5F5178D2}.Release|Any CPU.ActiveCfg = Release|Any CPU
		{8B0DE7D6-74A0-48E8-B9FE-8A4C5F5178D2}.Release|Any CPU.Build.0 = Release|Any CPU
	EndGlobalSection
	GlobalSection(SolutionProperties) = preSolution
		HideSolutionNode = FALSE
	EndGlobalSection
	GlobalSection(ExtensibilityGlobals) = postSolution
		SolutionGuid = {330A58EC-1EEE-4FB4-BC2D-1641480651B5}
	EndGlobalSection
EndGlobal
